# This file is autogenerated, do not edit; changes may be undone by the next 'dep ensure'.


[[projects]]
  name = "github.com/go-ini/ini"
  packages = ["."]
  revision = "358ee7663966325963d4e8b2e1fbd570c5195153"
  version = "v1.38.1"

[[projects]]
  name = "github.com/inconshreveable/mousetrap"
  packages = ["."]
  revision = "76626ae9c91c4f2a10f34cad8ce83ea42c93bb75"
  version = "v1.0"

[[projects]]
  name = "github.com/mipimipi/go-lhlp"
  packages = ["."]
  revision = "bec76d71611347246a4582977c532512f7625514"
  version = "1.3"

[[projects]]
  name = "github.com/mipimipi/go-worker"
  packages = ["."]
  revision = "190c42c77e75f09fa7b24279acfbf5b3561da81d"
  version = "v1.0"

[[projects]]
  name = "github.com/mipimipi/logrus"
  packages = ["."]
  revision = "b5858888eb267dbff375cd6d741d60e7933526f0"
  version = "1.0.5"

[[projects]]
  name = "github.com/spf13/cobra"
  packages = ["."]
  revision = "ef82de70bb3f60c65fb8eebacbb2d122ef517385"
  version = "v0.0.3"

[[projects]]
  name = "github.com/spf13/pflag"
  packages = ["."]
  revision = "583c0c0531f06d5278b7d917446061adc344b5cd"
  version = "v1.0.1"

[[projects]]
  branch = "master"
  name = "golang.org/x/crypto"
  packages = ["ssh/terminal"]
  revision = "56440b844dfe139a8ac053f4ecac0b20b79058f4"

[[projects]]
  branch = "master"
  name = "golang.org/x/sys"
  packages = [
    "unix",
    "windows"
  ]
  revision = "0ffbfd41fbef8ffcf9b62b0b0aa3a5873ed7a4fe"

[solve-meta]
  analyzer-name = "dep"
  analyzer-version = 1
  inputs-digest = "20ede7f4859d5d9690b5b2f35951f96a8e544c5c4a2ccef4b93176d907f90bbe"
  solver-name = "gps-cdcl"
  solver-version = 1
