# This file is autogenerated, do not edit; changes may be undone by the next 'dep ensure'.


[[projects]]
  digest = "1:c914c5f07b45352e70e55d147661667b45e69f01e4ba94ddd260d62a4c0b1aa9"
  name = "github.com/go-ini/ini"
  packages = ["."]
  pruneopts = "UT"
  revision = "a9da9309fb4822643ceebb765f80025c35ac19a1"
  version = "v1.40.0"

[[projects]]
  digest = "1:870d441fe217b8e689d7949fef6e43efbc787e50f200cb1e70dbca9204a1d6be"
  name = "github.com/inconshreveable/mousetrap"
  packages = ["."]
  pruneopts = "UT"
  revision = "76626ae9c91c4f2a10f34cad8ce83ea42c93bb75"
  version = "v1.0"

[[projects]]
  digest = "1:0a69a1c0db3591fcefb47f115b224592c8dfa4368b7ba9fae509d5e16cdc95c8"
  name = "github.com/konsorten/go-windows-terminal-sequences"
  packages = ["."]
  pruneopts = "UT"
  revision = "5c8c8bd35d3832f5d134ae1e1e375b69a4d25242"
  version = "v1.0.1"

[[projects]]
  digest = "1:c9f731f8b5a155f5fea1f0457499ac50a6b173b79c1c4a60103b708a6f931bb9"
  name = "github.com/mipimipi/go-lhlp"
  packages = [
    ".",
    "file",
  ]
  pruneopts = "UT"
  revision = "08d2597151e13ffec2d8de240038328caa32875a"
  version = "2.4"

[[projects]]
  digest = "1:524f78fa28adabeb9882d5126c16a58ad0291a693264653ea06d930b376e557c"
  name = "github.com/mipimipi/go-worker"
  packages = ["."]
  pruneopts = "UT"
  revision = "5ad3a4f19551a26e79fd5e001b38ba196d47dfa5"
  version = "1.1"

[[projects]]
  branch = "master"
  digest = "1:0a7bff3079a5232e66bd5396b1ff615475de1f92574dbcb76d4ee30b4ebabd76"
  name = "github.com/ricochet2200/go-disk-usage"
  packages = ["du"]
  pruneopts = "UT"
  revision = "f0d1b743428fc09792f93233d9412f89f88fa2ab"

[[projects]]
  digest = "1:69b1cc331fca23d702bd72f860c6a647afd0aa9fcbc1d0659b1365e26546dd70"
  name = "github.com/sirupsen/logrus"
  packages = ["."]
  pruneopts = "UT"
  revision = "bcd833dfe83d3cebad139e4a29ed79cb2318bf95"
  version = "v1.2.0"

[[projects]]
  digest = "1:645cabccbb4fa8aab25a956cbcbdf6a6845ca736b2c64e197ca7cbb9d210b939"
  name = "github.com/spf13/cobra"
  packages = ["."]
  pruneopts = "UT"
  revision = "ef82de70bb3f60c65fb8eebacbb2d122ef517385"
  version = "v0.0.3"

[[projects]]
  digest = "1:c1b1102241e7f645bc8e0c22ae352e8f0dc6484b6cb4d132fa9f24174e0119e2"
  name = "github.com/spf13/pflag"
  packages = ["."]
  pruneopts = "UT"
  revision = "298182f68c66c05229eb03ac171abe6e309ee79a"
  version = "v1.0.3"

[[projects]]
  branch = "master"
  digest = "1:38f553aff0273ad6f367cb0a0f8b6eecbaef8dc6cb8b50e57b6a81c1d5b1e332"
  name = "golang.org/x/crypto"
  packages = ["ssh/terminal"]
  pruneopts = "UT"
  revision = "505ab145d0a99da450461ae2c1a9f6cd10d1f447"

[[projects]]
  branch = "master"
  digest = "1:3d5e79e10549fd9119cbefd614b6d351ef5bd0be2f2b103a4199788e784cbc68"
  name = "golang.org/x/sys"
  packages = [
    "unix",
    "windows",
  ]
  pruneopts = "UT"
  revision = "b4a75ba826a64a70990f11a225237acd6ef35c9f"

[[projects]]
  digest = "1:4d2e5a73dc1500038e504a8d78b986630e3626dc027bc030ba5c75da257cdb96"
  name = "gopkg.in/yaml.v2"
  packages = ["."]
  pruneopts = "UT"
  revision = "51d6538a90f86fe93ac480b35f37b2be17fef232"
  version = "v2.2.2"

[solve-meta]
  analyzer-name = "dep"
  analyzer-version = 1
  input-imports = [
    "github.com/go-ini/ini",
    "github.com/mipimipi/go-lhlp",
    "github.com/mipimipi/go-lhlp/file",
    "github.com/mipimipi/go-worker",
    "github.com/ricochet2200/go-disk-usage/du",
    "github.com/sirupsen/logrus",
    "github.com/spf13/cobra",
    "gopkg.in/yaml.v2",
  ]
  solver-name = "gps-cdcl"
  solver-version = 1
