# This file is autogenerated, do not edit; changes may be undone by the next 'dep ensure'.


[[projects]]
  branch = "master"
  digest = "1:393d3174f4ccedc04106eba06de014b33fde7716fd562cb0611e5fae64fe7695"
  name = "github.com/eiannone/keyboard"
  packages = ["."]
  pruneopts = "UT"
  revision = "7169d0afeb4fed19d59b9c3478b0d6692e0c2668"

[[projects]]
  digest = "1:870d441fe217b8e689d7949fef6e43efbc787e50f200cb1e70dbca9204a1d6be"
  name = "github.com/inconshreveable/mousetrap"
  packages = ["."]
  pruneopts = "UT"
  revision = "76626ae9c91c4f2a10f34cad8ce83ea42c93bb75"
  version = "v1.0"

[[projects]]
  digest = "1:31e761d97c76151dde79e9d28964a812c46efc5baee4085b86f68f0c654450de"
  name = "github.com/konsorten/go-windows-terminal-sequences"
  packages = ["."]
  pruneopts = "UT"
  revision = "f55edac94c9bbba5d6182a4be46d86a2c9b5b50e"
  version = "v1.0.2"

[[projects]]
  branch = "master"
  digest = "1:0a7bff3079a5232e66bd5396b1ff615475de1f92574dbcb76d4ee30b4ebabd76"
  name = "github.com/ricochet2200/go-disk-usage"
  packages = ["du"]
  pruneopts = "UT"
  revision = "f0d1b743428fc09792f93233d9412f89f88fa2ab"

[[projects]]
  digest = "1:04457f9f6f3ffc5fea48e71d62f2ca256637dee0a04d710288e27e05c8b41976"
  name = "github.com/sirupsen/logrus"
  packages = ["."]
  pruneopts = "UT"
  revision = "839c75faf7f98a33d445d181f3018b5c3409a45e"
  version = "v1.4.2"

[[projects]]
  digest = "1:e096613fb7cf34743d49af87d197663cfccd61876e2219853005a57baedfa562"
  name = "github.com/spf13/cobra"
  packages = ["."]
  pruneopts = "UT"
  revision = "f2b07da1e2c38d5f12845a4f607e2e1018cbb1f5"
  version = "v0.0.5"

[[projects]]
  digest = "1:524b71991fc7d9246cc7dc2d9e0886ccb97648091c63e30eef619e6862c955dd"
  name = "github.com/spf13/pflag"
  packages = ["."]
  pruneopts = "UT"
  revision = "2e9d26c8c37aae03e3f9d4e90b7116f5accb7cab"
  version = "v1.0.5"

[[projects]]
  branch = "master"
  digest = "1:1e8a85c84efc4c695c71a0132acb7aec5de5cd49e21dc7971bb62fd16b955a8f"
  name = "gitlab.com/mipimipi/go-utils"
  packages = [
    ".",
    "file",
    "workerpool",
  ]
  pruneopts = "UT"
  revision = "303959adcff0a9660e1488f4c9844ba933f9c35a"

[[projects]]
  branch = "master"
  digest = "1:b40521580b68b3cd78f87d1820116ba94090f426b7da3c4e3124e874e1f431dd"
  name = "golang.org/x/sys"
  packages = [
    "unix",
    "windows",
  ]
  pruneopts = "UT"
  revision = "d101bd2416d505c0448a6ce8a282482678040a89"

[[projects]]
  digest = "1:55b110c99c5fdc4f14930747326acce56b52cfce60b24b1c03ef686ac0e46bb1"
  name = "gopkg.in/yaml.v2"
  packages = ["."]
  pruneopts = "UT"
  revision = "53403b58ad1b561927d19068c655246f2db79d48"
  version = "v2.2.8"

[solve-meta]
  analyzer-name = "dep"
  analyzer-version = 1
  input-imports = [
    "github.com/eiannone/keyboard",
    "github.com/ricochet2200/go-disk-usage/du",
    "github.com/sirupsen/logrus",
    "github.com/spf13/cobra",
    "gitlab.com/mipimipi/go-utils",
    "gitlab.com/mipimipi/go-utils/file",
    "gitlab.com/mipimipi/go-utils/workerpool",
    "gopkg.in/yaml.v2",
  ]
  solver-name = "gps-cdcl"
  solver-version = 1
